
Microsoft Visual Studio Solution File, Format Version 12.00
# Visual Studio 15
VisualStudioVersion = 15.0.28010.2041
MinimumVisualStudioVersion = 10.0.40219.1
Project("{FAE04EC0-301F-11D3-BF4B-00C04F79EFBC}") = "OppgaveArv", "OppgaveArv\OppgaveArv.csproj", "{0250B603-D9F5-40F9-8341-6B36202116AB}"
EndProject
Global
	GlobalSection(SolutionConfigurationPlatforms) = preSolution
		Debug|Any CPU = Debug|Any CPU
		Release|Any CPU = Release|Any CPU
	EndGlobalSection
	GlobalSection(ProjectConfigurationPlatforms) = postSolution
		{0250B603-D9F5-40F9-8341-6B36202116AB}.Debug|Any CPU.ActiveCfg = Debug|Any CPU
		{0250B603-D9F5-40F9-8341-6B36202116AB}.Debug|Any CPU.Build.0 = Debug|Any CPU
		{0250B603-D9F5-40F9-8341-6B36202116AB}.Release|Any CPU.ActiveCfg = Release|Any CPU
		{0250B603-D9F5-40F9-8341-6B36202116AB}.Release|Any CPU.Build.0 = Release|Any CPU
	EndGlobalSection
	GlobalSection(SolutionProperties) = preSolution
		HideSolutionNode = FALSE
	EndGlobalSection
	GlobalSection(ExtensibilityGlobals) = postSolution
		SolutionGuid = {33F00E1A-B17D-433D-A2FE-3FE81F6BEAB3}
	EndGlobalSection
EndGlobal
