
Microsoft Visual Studio Solution File, Format Version 12.00
# Visual Studio 15
VisualStudioVersion = 15.0.28010.2019
MinimumVisualStudioVersion = 10.0.40219.1
Project("{FAE04EC0-301F-11D3-BF4B-00C04F79EFBC}") = "TreRadOO", "TreRadOO\TreRadOO.csproj", "{53DF68D6-F434-4318-9CDA-6B6CBFF132C8}"
EndProject
Global
	GlobalSection(SolutionConfigurationPlatforms) = preSolution
		Debug|Any CPU = Debug|Any CPU
		Release|Any CPU = Release|Any CPU
	EndGlobalSection
	GlobalSection(ProjectConfigurationPlatforms) = postSolution
		{53DF68D6-F434-4318-9CDA-6B6CBFF132C8}.Debug|Any CPU.ActiveCfg = Debug|Any CPU
		{53DF68D6-F434-4318-9CDA-6B6CBFF132C8}.Debug|Any CPU.Build.0 = Debug|Any CPU
		{53DF68D6-F434-4318-9CDA-6B6CBFF132C8}.Release|Any CPU.ActiveCfg = Release|Any CPU
		{53DF68D6-F434-4318-9CDA-6B6CBFF132C8}.Release|Any CPU.Build.0 = Release|Any CPU
	EndGlobalSection
	GlobalSection(SolutionProperties) = preSolution
		HideSolutionNode = FALSE
	EndGlobalSection
	GlobalSection(ExtensibilityGlobals) = postSolution
		SolutionGuid = {0EAAE8EF-C28E-4A3F-9271-C1F185A75AD4}
	EndGlobalSection
EndGlobal
